
Microsoft Visual Studio Solution File, Format Version 12.00
# Visual Studio Version 16
VisualStudioVersion = 16.0.30804.86
MinimumVisualStudioVersion = 10.0.40219.1
Project("{FAE04EC0-301F-11D3-BF4B-00C04F79EFBC}") = "examenfinalMBPC", "examenfinalMBPC\examenfinalMBPC.csproj", "{C4327675-0D55-47B0-B444-192CC91A4A58}"
EndProject
Project("{FAE04EC0-301F-11D3-BF4B-00C04F79EFBC}") = "NunitTest1", "NunitTest1\NunitTest1.csproj", "{AADAB069-55EB-401F-BE35-EE9CBFFBD186}"
EndProject
Global
	GlobalSection(SolutionConfigurationPlatforms) = preSolution
		Debug|Any CPU = Debug|Any CPU
		Release|Any CPU = Release|Any CPU
	EndGlobalSection
	GlobalSection(ProjectConfigurationPlatforms) = postSolution
		{C4327675-0D55-47B0-B444-192CC91A4A58}.Debug|Any CPU.ActiveCfg = Debug|Any CPU
		{C4327675-0D55-47B0-B444-192CC91A4A58}.Debug|Any CPU.Build.0 = Debug|Any CPU
		{C4327675-0D55-47B0-B444-192CC91A4A58}.Release|Any CPU.ActiveCfg = Release|Any CPU
		{C4327675-0D55-47B0-B444-192CC91A4A58}.Release|Any CPU.Build.0 = Release|Any CPU
		{AADAB069-55EB-401F-BE35-EE9CBFFBD186}.Debug|Any CPU.ActiveCfg = Debug|Any CPU
		{AADAB069-55EB-401F-BE35-EE9CBFFBD186}.Debug|Any CPU.Build.0 = Debug|Any CPU
		{AADAB069-55EB-401F-BE35-EE9CBFFBD186}.Release|Any CPU.ActiveCfg = Release|Any CPU
		{AADAB069-55EB-401F-BE35-EE9CBFFBD186}.Release|Any CPU.Build.0 = Release|Any CPU
	EndGlobalSection
	GlobalSection(SolutionProperties) = preSolution
		HideSolutionNode = FALSE
	EndGlobalSection
	GlobalSection(ExtensibilityGlobals) = postSolution
		SolutionGuid = {2D91EE02-A8C7-48DB-B74B-A2FA7F934081}
	EndGlobalSection
EndGlobal
